
Microsoft Visual Studio Solution File, Format Version 12.00
# Visual Studio 15
VisualStudioVersion = 15.0.28307.489
MinimumVisualStudioVersion = 10.0.40219.1
Project("{FAE04EC0-301F-11D3-BF4B-00C04F79EFBC}") = "Views", "Views\Views.csproj", "{318BB86A-86B1-499E-A4AD-190C7978A42C}"
EndProject
Project("{FAE04EC0-301F-11D3-BF4B-00C04F79EFBC}") = "Model", "Model\Model.csproj", "{FC788B51-F67B-4657-B654-029058F569BE}"
EndProject
Global
	GlobalSection(SolutionConfigurationPlatforms) = preSolution
		Debug|Any CPU = Debug|Any CPU
		Release|Any CPU = Release|Any CPU
	EndGlobalSection
	GlobalSection(ProjectConfigurationPlatforms) = postSolution
		{318BB86A-86B1-499E-A4AD-190C7978A42C}.Debug|Any CPU.ActiveCfg = Debug|Any CPU
		{318BB86A-86B1-499E-A4AD-190C7978A42C}.Debug|Any CPU.Build.0 = Debug|Any CPU
		{318BB86A-86B1-499E-A4AD-190C7978A42C}.Release|Any CPU.ActiveCfg = Release|Any CPU
		{318BB86A-86B1-499E-A4AD-190C7978A42C}.Release|Any CPU.Build.0 = Release|Any CPU
		{FC788B51-F67B-4657-B654-029058F569BE}.Debug|Any CPU.ActiveCfg = Debug|Any CPU
		{FC788B51-F67B-4657-B654-029058F569BE}.Debug|Any CPU.Build.0 = Debug|Any CPU
		{FC788B51-F67B-4657-B654-029058F569BE}.Release|Any CPU.ActiveCfg = Release|Any CPU
		{FC788B51-F67B-4657-B654-029058F569BE}.Release|Any CPU.Build.0 = Release|Any CPU
	EndGlobalSection
	GlobalSection(SolutionProperties) = preSolution
		HideSolutionNode = FALSE
	EndGlobalSection
	GlobalSection(ExtensibilityGlobals) = postSolution
		SolutionGuid = {50CCF02D-87AA-4143-8D8F-447778709081}
	EndGlobalSection
EndGlobal
